
Microsoft Visual Studio Solution File, Format Version 12.00
# Visual Studio Version 17
VisualStudioVersion = 17.8.34511.84
MinimumVisualStudioVersion = 10.0.40219.1
Project("{FAE04EC0-301F-11D3-BF4B-00C04F79EFBC}") = "CourseProject_backend", "CourseProject_backend.csproj", "{9462A93C-6A92-40AB-8DF8-4F23490C90F9}"
EndProject
Global
	GlobalSection(SolutionConfigurationPlatforms) = preSolution
		Debug|Any CPU = Debug|Any CPU
		Release|Any CPU = Release|Any CPU
	EndGlobalSection
	GlobalSection(ProjectConfigurationPlatforms) = postSolution
		{9462A93C-6A92-40AB-8DF8-4F23490C90F9}.Debug|Any CPU.ActiveCfg = Debug|Any CPU
		{9462A93C-6A92-40AB-8DF8-4F23490C90F9}.Debug|Any CPU.Build.0 = Debug|Any CPU
		{9462A93C-6A92-40AB-8DF8-4F23490C90F9}.Release|Any CPU.ActiveCfg = Release|Any CPU
		{9462A93C-6A92-40AB-8DF8-4F23490C90F9}.Release|Any CPU.Build.0 = Release|Any CPU
	EndGlobalSection
	GlobalSection(SolutionProperties) = preSolution
		HideSolutionNode = FALSE
	EndGlobalSection
	GlobalSection(ExtensibilityGlobals) = postSolution
		SolutionGuid = {D7F76FDD-45B3-421C-999F-448882644881}
	EndGlobalSection
EndGlobal
